
Microsoft Visual Studio Solution File, Format Version 12.00
Project("{FAE04EC0-301F-11D3-BF4B-00C04F79EFBC}") = "ZOVserver.Services.Game.HomeService", "ZOVserver.Services.Game.HomeService\ZOVserver.Services.Game.HomeService.csproj", "{4A7BCC49-A74D-40F2-8999-33D13831F5FE}"
EndProject
Global
	GlobalSection(SolutionConfigurationPlatforms) = preSolution
		Debug|Any CPU = Debug|Any CPU
		Release|Any CPU = Release|Any CPU
	EndGlobalSection
	GlobalSection(ProjectConfigurationPlatforms) = postSolution
		{4A7BCC49-A74D-40F2-8999-33D13831F5FE}.Debug|Any CPU.ActiveCfg = Debug|Any CPU
		{4A7BCC49-A74D-40F2-8999-33D13831F5FE}.Debug|Any CPU.Build.0 = Debug|Any CPU
		{4A7BCC49-A74D-40F2-8999-33D13831F5FE}.Release|Any CPU.ActiveCfg = Release|Any CPU
		{4A7BCC49-A74D-40F2-8999-33D13831F5FE}.Release|Any CPU.Build.0 = Release|Any CPU
	EndGlobalSection
EndGlobal
