
Microsoft Visual Studio Solution File, Format Version 12.00
Project("{FAE04EC0-301F-11D3-BF4B-00C04F79EFBC}") = "ZOVserver.Services.Game.ContentCreatorRewardService", "ZOVserver.Services.Game.ContentCreatorRewardService\ZOVserver.Services.Game.ContentCreatorRewardService.csproj", "{CBC1BEBC-D327-4F02-B3E7-67960AFABEAE}"
EndProject
Global
	GlobalSection(SolutionConfigurationPlatforms) = preSolution
		Debug|Any CPU = Debug|Any CPU
		Release|Any CPU = Release|Any CPU
	EndGlobalSection
	GlobalSection(ProjectConfigurationPlatforms) = postSolution
		{CBC1BEBC-D327-4F02-B3E7-67960AFABEAE}.Debug|Any CPU.ActiveCfg = Debug|Any CPU
		{CBC1BEBC-D327-4F02-B3E7-67960AFABEAE}.Debug|Any CPU.Build.0 = Debug|Any CPU
		{CBC1BEBC-D327-4F02-B3E7-67960AFABEAE}.Release|Any CPU.ActiveCfg = Release|Any CPU
		{CBC1BEBC-D327-4F02-B3E7-67960AFABEAE}.Release|Any CPU.Build.0 = Release|Any CPU
	EndGlobalSection
EndGlobal
