
Microsoft Visual Studio Solution File, Format Version 12.00
Project("{FAE04EC0-301F-11D3-BF4B-00C04F79EFBC}") = "ZOVserver.Services.Game.AllianceService", "ZOVserver.Services.Game.AllianceService\ZOVserver.Services.Game.AllianceService.csproj", "{16F00909-49BF-4A6F-8D80-64CC393DA692}"
EndProject
Global
	GlobalSection(SolutionConfigurationPlatforms) = preSolution
		Debug|Any CPU = Debug|Any CPU
		Release|Any CPU = Release|Any CPU
	EndGlobalSection
	GlobalSection(ProjectConfigurationPlatforms) = postSolution
		{16F00909-49BF-4A6F-8D80-64CC393DA692}.Debug|Any CPU.ActiveCfg = Debug|Any CPU
		{16F00909-49BF-4A6F-8D80-64CC393DA692}.Debug|Any CPU.Build.0 = Debug|Any CPU
		{16F00909-49BF-4A6F-8D80-64CC393DA692}.Release|Any CPU.ActiveCfg = Release|Any CPU
		{16F00909-49BF-4A6F-8D80-64CC393DA692}.Release|Any CPU.Build.0 = Release|Any CPU
	EndGlobalSection
EndGlobal
