
Microsoft Visual Studio Solution File, Format Version 12.00
Project("{FAE04EC0-301F-11D3-BF4B-00C04F79EFBC}") = "ZOVserver.Services.Shared.GarnetLeaderboardsService", "ZOVserver.Services.Shared.GarnetLeaderboardsService\ZOVserver.Services.Shared.GarnetLeaderboardsService.csproj", "{3A821E4A-08FC-40F1-9303-6141FB523CCC}"
EndProject
Global
	GlobalSection(SolutionConfigurationPlatforms) = preSolution
		Debug|Any CPU = Debug|Any CPU
		Release|Any CPU = Release|Any CPU
	EndGlobalSection
	GlobalSection(ProjectConfigurationPlatforms) = postSolution
		{3A821E4A-08FC-40F1-9303-6141FB523CCC}.Debug|Any CPU.ActiveCfg = Debug|Any CPU
		{3A821E4A-08FC-40F1-9303-6141FB523CCC}.Debug|Any CPU.Build.0 = Debug|Any CPU
		{3A821E4A-08FC-40F1-9303-6141FB523CCC}.Release|Any CPU.ActiveCfg = Release|Any CPU
		{3A821E4A-08FC-40F1-9303-6141FB523CCC}.Release|Any CPU.Build.0 = Release|Any CPU
	EndGlobalSection
EndGlobal
