
Microsoft Visual Studio Solution File, Format Version 12.00
Project("{FAE04EC0-301F-11D3-BF4B-00C04F79EFBC}") = "ZOVserver.Services.Game.FriendshipService", "ZOVserver.Services.Game.FriendshipService\ZOVserver.Services.Game.FriendshipService.csproj", "{EC273FDE-9410-4D78-8865-B0A4DD7D2814}"
EndProject
Global
	GlobalSection(SolutionConfigurationPlatforms) = preSolution
		Debug|Any CPU = Debug|Any CPU
		Release|Any CPU = Release|Any CPU
	EndGlobalSection
	GlobalSection(ProjectConfigurationPlatforms) = postSolution
		{EC273FDE-9410-4D78-8865-B0A4DD7D2814}.Debug|Any CPU.ActiveCfg = Debug|Any CPU
		{EC273FDE-9410-4D78-8865-B0A4DD7D2814}.Debug|Any CPU.Build.0 = Debug|Any CPU
		{EC273FDE-9410-4D78-8865-B0A4DD7D2814}.Release|Any CPU.ActiveCfg = Release|Any CPU
		{EC273FDE-9410-4D78-8865-B0A4DD7D2814}.Release|Any CPU.Build.0 = Release|Any CPU
	EndGlobalSection
EndGlobal
